{
  "name": "test",
  "lockfileVersion": 2,
  "requires": true,
  "packages": {
    "": {
      "dependencies": {
        "pareto-runtime": "^0.26.0",
        "pareto-test": "^0.11.0"
      }
    },
    "node_modules/diff": {
      "version": "5.0.0",
      "resolved": "https://registry.npmjs.org/diff/-/diff-5.0.0.tgz",
      "integrity": "sha512-/VTCrvm5Z0JGty/BWHljh+BAiw3IK+2j87NGMu8Nwc/f48WoDAC395uomO9ZD117ZOBaHmkX1oyLvkVM/aIT3w==",
      "engines": {
        "node": ">=0.3.1"
      }
    },
    "node_modules/pareto-api-core": {
      "version": "0.3.0",
      "resolved": "https://registry.npmjs.org/pareto-api-core/-/pareto-api-core-0.3.0.tgz",
      "integrity": "sha512-3Ohd8JOwqzGk4eC3BpZR21dLp6hr1I/6AoUf23huzEDbWYmZfN1c9w3S78tm9DGQZ8/sOJl5nEGCaOudOWhohg=="
    },
    "node_modules/pareto-runtime": {
      "version": "0.26.0",
      "resolved": "https://registry.npmjs.org/pareto-runtime/-/pareto-runtime-0.26.0.tgz",
      "integrity": "sha512-g9tKJ88Ilxmv4nS80WQBB9bJ7u9oXPDGQk8XDINJMtrvlyGhItBW0rh+LkW9ffQMuGfcR8+omqUi2gsSZZ2uxw==",
      "dependencies": {
        "pareto-api-core": "^0.3.0"
      }
    },
    "node_modules/pareto-test": {
      "version": "0.11.0",
      "resolved": "https://registry.npmjs.org/pareto-test/-/pareto-test-0.11.0.tgz",
      "integrity": "sha512-FgJkepBMpekSTqd/cR9EQ2plHX9i9x/jc6qaQhlXfaJgRKe3mhC7nCnKBqC6WkwK7OPIAqkDoQpnEKnQQWv/hg==",
      "dependencies": {
        "diff": "^5.0.0",
        "pareto-runtime": "^0.22.0"
      }
    },
    "node_modules/pareto-test/node_modules/pareto-runtime": {
      "version": "0.22.0",
      "resolved": "https://registry.npmjs.org/pareto-runtime/-/pareto-runtime-0.22.0.tgz",
      "integrity": "sha512-v4T0pCv+ARIKntB7ZjKqqXBmLDbMzhrMFP4XODpF7DkELWJina/DAr/UVuMYwnz32QN7O9AHunsCVnHOOcKfHQ=="
    }
  },
  "dependencies": {
    "diff": {
      "version": "5.0.0",
      "resolved": "https://registry.npmjs.org/diff/-/diff-5.0.0.tgz",
      "integrity": "sha512-/VTCrvm5Z0JGty/BWHljh+BAiw3IK+2j87NGMu8Nwc/f48WoDAC395uomO9ZD117ZOBaHmkX1oyLvkVM/aIT3w=="
    },
    "pareto-api-core": {
      "version": "0.3.0",
      "resolved": "https://registry.npmjs.org/pareto-api-core/-/pareto-api-core-0.3.0.tgz",
      "integrity": "sha512-3Ohd8JOwqzGk4eC3BpZR21dLp6hr1I/6AoUf23huzEDbWYmZfN1c9w3S78tm9DGQZ8/sOJl5nEGCaOudOWhohg=="
    },
    "pareto-runtime": {
      "version": "0.26.0",
      "resolved": "https://registry.npmjs.org/pareto-runtime/-/pareto-runtime-0.26.0.tgz",
      "integrity": "sha512-g9tKJ88Ilxmv4nS80WQBB9bJ7u9oXPDGQk8XDINJMtrvlyGhItBW0rh+LkW9ffQMuGfcR8+omqUi2gsSZZ2uxw==",
      "requires": {
        "pareto-api-core": "^0.3.0"
      }
    },
    "pareto-test": {
      "version": "0.11.0",
      "resolved": "https://registry.npmjs.org/pareto-test/-/pareto-test-0.11.0.tgz",
      "integrity": "sha512-FgJkepBMpekSTqd/cR9EQ2plHX9i9x/jc6qaQhlXfaJgRKe3mhC7nCnKBqC6WkwK7OPIAqkDoQpnEKnQQWv/hg==",
      "requires": {
        "diff": "^5.0.0",
        "pareto-runtime": "^0.22.0"
      },
      "dependencies": {
        "pareto-runtime": {
          "version": "0.22.0",
          "resolved": "https://registry.npmjs.org/pareto-runtime/-/pareto-runtime-0.22.0.tgz",
          "integrity": "sha512-v4T0pCv+ARIKntB7ZjKqqXBmLDbMzhrMFP4XODpF7DkELWJina/DAr/UVuMYwnz32QN7O9AHunsCVnHOOcKfHQ=="
        }
      }
    }
  }
}
